
Microsoft Visual Studio Solution File, Format Version 12.00
# Visual Studio 15
VisualStudioVersion = 15.0.28307.779
MinimumVisualStudioVersion = 10.0.40219.1
Project("{FAE04EC0-301F-11D3-BF4B-00C04F79EFBC}") = "XEploaiSV", "XEploaiSV\XEploaiSV.csproj", "{8FEA6B05-8E24-4F75-AC73-FB222AD71FEC}"
EndProject
Global
	GlobalSection(SolutionConfigurationPlatforms) = preSolution
		Debug|Any CPU = Debug|Any CPU
		Release|Any CPU = Release|Any CPU
	EndGlobalSection
	GlobalSection(ProjectConfigurationPlatforms) = postSolution
		{8FEA6B05-8E24-4F75-AC73-FB222AD71FEC}.Debug|Any CPU.ActiveCfg = Debug|Any CPU
		{8FEA6B05-8E24-4F75-AC73-FB222AD71FEC}.Debug|Any CPU.Build.0 = Debug|Any CPU
		{8FEA6B05-8E24-4F75-AC73-FB222AD71FEC}.Release|Any CPU.ActiveCfg = Release|Any CPU
		{8FEA6B05-8E24-4F75-AC73-FB222AD71FEC}.Release|Any CPU.Build.0 = Release|Any CPU
	EndGlobalSection
	GlobalSection(SolutionProperties) = preSolution
		HideSolutionNode = FALSE
	EndGlobalSection
	GlobalSection(ExtensibilityGlobals) = postSolution
		SolutionGuid = {12B288E7-3558-463E-9759-637DEEB224A3}
	EndGlobalSection
EndGlobal
